
Microsoft Visual Studio Solution File, Format Version 12.00
# Visual Studio Version 17
VisualStudioVersion = 17.8.34316.72
MinimumVisualStudioVersion = 10.0.40219.1
Project("{FAE04EC0-301F-11D3-BF4B-00C04F79EFBC}") = "GA-StudentAdmin.ConsoleApp", "GA-StudentAdmin.ConsoleApp.csproj", "{829C060A-D81A-436B-9FAD-3294B31E1BF1}"
EndProject
Global
	GlobalSection(SolutionConfigurationPlatforms) = preSolution
		Debug|Any CPU = Debug|Any CPU
		Release|Any CPU = Release|Any CPU
	EndGlobalSection
	GlobalSection(ProjectConfigurationPlatforms) = postSolution
		{829C060A-D81A-436B-9FAD-3294B31E1BF1}.Debug|Any CPU.ActiveCfg = Debug|Any CPU
		{829C060A-D81A-436B-9FAD-3294B31E1BF1}.Debug|Any CPU.Build.0 = Debug|Any CPU
		{829C060A-D81A-436B-9FAD-3294B31E1BF1}.Release|Any CPU.ActiveCfg = Release|Any CPU
		{829C060A-D81A-436B-9FAD-3294B31E1BF1}.Release|Any CPU.Build.0 = Release|Any CPU
	EndGlobalSection
	GlobalSection(SolutionProperties) = preSolution
		HideSolutionNode = FALSE
	EndGlobalSection
	GlobalSection(ExtensibilityGlobals) = postSolution
		SolutionGuid = {1A2A6F0E-0ED8-4825-8AD4-CE063F046D03}
	EndGlobalSection
EndGlobal
